# This file was autogenerated by Stack.
# You should not edit this file by hand.
# For more information, please see the documentation at:
#   https://docs.haskellstack.org/en/stable/topics/lock_files

packages:
- completed:
    commit: 96da3750d74b164369f4867b043bc89746b026f4
    git: https://github.com/jbromley/disjoint-set.git
    name: disjoint-set
    pantry-tree:
      sha256: 4575b6d129d93db78ac1e139234f6cddc882c9f8feefa94133b3adf3e5ae7537
      size: 363
    version: '0.2'
  original:
    commit: 96da3750d74b164369f4867b043bc89746b026f4
    git: https://github.com/jbromley/disjoint-set.git
snapshots:
- completed:
    sha256: 238fa745b64f91184f9aa518fe04bdde6552533d169b0da5256670df83a0f1a9
    size: 721141
    url: https://raw.githubusercontent.com/commercialhaskell/stackage-snapshots/master/lts/22/44.yaml
  original: lts-22.44
