# This file was autogenerated by Stack.
# You should not edit this file by hand.
# For more information, please see the documentation at:
#   https://docs.haskellstack.org/en/stable/topics/lock_files

packages:
- completed:
    commit: 8a4205dcc72591909cd3a54173e4fc4a9442cd4f
    git: https://github.com/jbromley/disjoint-set.git
    name: disjoint-set
    pantry-tree:
      sha256: 368e824fa4508b2b46dd58a6dee353a882974d17b329183b275691bb42bf88ec
      size: 363
    version: '0.3'
  original:
    commit: 8a4205dcc72591909cd3a54173e4fc4a9442cd4f
    git: https://github.com/jbromley/disjoint-set.git
snapshots:
- completed:
    sha256: 238fa745b64f91184f9aa518fe04bdde6552533d169b0da5256670df83a0f1a9
    size: 721141
    url: https://raw.githubusercontent.com/commercialhaskell/stackage-snapshots/master/lts/22/44.yaml
  original: lts-22.44
